PODS:
  - Alamofire (5.4.4)
  - Cache (5.3.0)

DEPENDENCIES:
  - Alamofire
  - Cache

SPEC REPOS:
  https://github.com/CocoaPods/Specs.git:
    - Alamofire
    - Cache

SPEC CHECKSUMS:
  Alamofire: f3b09a368f1582ab751b3fff5460276e0d2cf5c9
  Cache: 48762993ec44e1d93483c4d4a13edd18452326f4

PODFILE CHECKSUM: 1fd2d6176134f1b905e6d84d525ac3a1ca03612c

COCOAPODS: 1.11.3
