// !$*UTF8*$!
{
	archiveVersion = 1;
	classes = {
	};
	objectVersion = 55;
	objects = {

/* Begin PBXBuildFile section */
		45B61A93448E7A7ADB4D974C /* Pods_Architecture.framework in Frameworks */ = {isa = PBXBuildFile; fileRef = CE5CF12118179EB516553528 /* Pods_Architecture.framework */; };
		86EA86CA54275E4D9458F2B8 /* Pods_ArchitectureTests.framework in Frameworks */ = {isa = PBXBuildFile; fileRef = 331F87846DB28FB3081BB356 /* Pods_ArchitectureTests.framework */; };
		8C094B0328DDABAD0041A3C0 /* UISegmentedControlExtension.swift in Sources */ = {isa = PBXBuildFile; fileRef = 8C094B0228DDABAD0041A3C0 /* UISegmentedControlExtension.swift */; };
		8C094B0728DDAC4F0041A3C0 /* NSPredicateExtensions.swift in Sources */ = {isa = PBXBuildFile; fileRef = 8C094B0628DDAC4F0041A3C0 /* NSPredicateExtensions.swift */; };
		8C094B0A28DDB5C30041A3C0 /* DataExtensions.swift in Sources */ = {isa = PBXBuildFile; fileRef = 8C094B0928DDB5C30041A3C0 /* DataExtensions.swift */; };
		8C2B813B283B3155001D35C4 /* MD5StringEncoder.swift in Sources */ = {isa = PBXBuildFile; fileRef = 8C2B813A283B3155001D35C4 /* MD5StringEncoder.swift */; };
		8C2B813E283B5798001D35C4 /* NSObject+ClassName.swift in Sources */ = {isa = PBXBuildFile; fileRef = 8C2B813D283B5798001D35C4 /* NSObject+ClassName.swift */; };
		8C2B8141283B595E001D35C4 /* UISwitch+Toggle.swift in Sources */ = {isa = PBXBuildFile; fileRef = 8C2B8140283B595E001D35C4 /* UISwitch+Toggle.swift */; };
		8C2B8144283B5DBA001D35C4 /*  UIAlertController+Extension.swift in Sources */ = {isa = PBXBuildFile; fileRef = 8C2B8143283B5DBA001D35C4 /*  UIAlertController+Extension.swift */; };
		8C381D4128D2C96500FEE14B /* UIView+Container.swift in Sources */ = {isa = PBXBuildFile; fileRef = 8C381D4028D2C96500FEE14B /* UIView+Container.swift */; };
		8C381D4428D2CD8D00FEE14B /* UITextView+Chain.swift in Sources */ = {isa = PBXBuildFile; fileRef = 8C381D4328D2CD8D00FEE14B /* UITextView+Chain.swift */; };
		8C381D4628D2CF9800FEE14B /* PlaceholderTextView+Chain.swift in Sources */ = {isa = PBXBuildFile; fileRef = 8C381D4528D2CF9800FEE14B /* PlaceholderTextView+Chain.swift */; };
		8C40861E26CD003300C26A55 /* AppDelegate.swift in Sources */ = {isa = PBXBuildFile; fileRef = 8C40861D26CD003300C26A55 /* AppDelegate.swift */; };
		8C40862726CD003700C26A55 /* Assets.xcassets in Resources */ = {isa = PBXBuildFile; fileRef = 8C40862626CD003700C26A55 /* Assets.xcassets */; };
		8C40862A26CD003700C26A55 /* LaunchScreen.storyboard in Resources */ = {isa = PBXBuildFile; fileRef = 8C40862826CD003700C26A55 /* LaunchScreen.storyboard */; };
		8C40863526CD003800C26A55 /* ArchitectureTests.swift in Sources */ = {isa = PBXBuildFile; fileRef = 8C40863426CD003800C26A55 /* ArchitectureTests.swift */; };
		8C40864026CD003800C26A55 /* ArchitectureUITests.swift in Sources */ = {isa = PBXBuildFile; fileRef = 8C40863F26CD003800C26A55 /* ArchitectureUITests.swift */; };
		8C40865726CD037600C26A55 /* TabBarController.swift in Sources */ = {isa = PBXBuildFile; fileRef = 8C40865626CD037600C26A55 /* TabBarController.swift */; };
		8C40865926CD039A00C26A55 /* NavigationController.swift in Sources */ = {isa = PBXBuildFile; fileRef = 8C40865826CD039A00C26A55 /* NavigationController.swift */; };
		8C40865B26CD03AB00C26A55 /* ViewController.swift in Sources */ = {isa = PBXBuildFile; fileRef = 8C40865A26CD03AB00C26A55 /* ViewController.swift */; };
		8C4086E126CE5C7800C26A55 /* BackWebviewController.swift in Sources */ = {isa = PBXBuildFile; fileRef = 8C4086DF26CE5C7800C26A55 /* BackWebviewController.swift */; };
		8C4086E226CE5C7800C26A55 /* WebViewController.swift in Sources */ = {isa = PBXBuildFile; fileRef = 8C4086E026CE5C7800C26A55 /* WebViewController.swift */; };
		8C4246C728C59C2400F384D5 /* UICollectionView+Register.swift in Sources */ = {isa = PBXBuildFile; fileRef = 8C4246C628C59C2400F384D5 /* UICollectionView+Register.swift */; };
		8C4246C928C59E9000F384D5 /* UITableView+Register.swift in Sources */ = {isa = PBXBuildFile; fileRef = 8C4246C828C59E9000F384D5 /* UITableView+Register.swift */; };
		8C760DE428E4154E00A29F77 /* UIViewController+TopMostViewController.swift in Sources */ = {isa = PBXBuildFile; fileRef = 8C760DE328E4154E00A29F77 /* UIViewController+TopMostViewController.swift */; };
		8C760DE728E4318B00A29F77 /* UIFontExtensions.swift in Sources */ = {isa = PBXBuildFile; fileRef = 8C760DE528E4318B00A29F77 /* UIFontExtensions.swift */; };
		8C760DE828E4318B00A29F77 /* UIBarButtonItemExtensions.swift in Sources */ = {isa = PBXBuildFile; fileRef = 8C760DE628E4318B00A29F77 /* UIBarButtonItemExtensions.swift */; };
		8C760DEA28E4319700A29F77 /* UISearchBarExtensions.swift in Sources */ = {isa = PBXBuildFile; fileRef = 8C760DE928E4319700A29F77 /* UISearchBarExtensions.swift */; };
		8C760DEC28E4319F00A29F77 /* UIStoryboardExtensions.swift in Sources */ = {isa = PBXBuildFile; fileRef = 8C760DEB28E4319F00A29F77 /* UIStoryboardExtensions.swift */; };
		8C760DF328E4330000A29F77 /* UINavigationControllerExtensions.swift in Sources */ = {isa = PBXBuildFile; fileRef = 8C760DF228E4330000A29F77 /* UINavigationControllerExtensions.swift */; };
		8C76855828BF4EC4004FF44E /* PlaceholderTextView.swift in Sources */ = {isa = PBXBuildFile; fileRef = 8C76855728BF4EC4004FF44E /* PlaceholderTextView.swift */; };
		8C76C21227588A75008ED8D2 /* NamespaceWrapper.swift in Sources */ = {isa = PBXBuildFile; fileRef = 8C76C21127588A75008ED8D2 /* NamespaceWrapper.swift */; };
		8C9F7B72283E0E9D0031BD6E /* UIControl+Closure.swift in Sources */ = {isa = PBXBuildFile; fileRef = 8C9F7B71283E0E9D0031BD6E /* UIControl+Closure.swift */; };
		8CCA54CF28F3FE3C0051912D /* CGSize+Transform.swift in Sources */ = {isa = PBXBuildFile; fileRef = 8CCA54CE28F3FE3C0051912D /* CGSize+Transform.swift */; };
		8CCA54D128F3FF390051912D /* CGFloatExtensions.swift in Sources */ = {isa = PBXBuildFile; fileRef = 8CCA54D028F3FF390051912D /* CGFloatExtensions.swift */; };
		8CDBED24283F571F009650CF /* Occupiable.swift in Sources */ = {isa = PBXBuildFile; fileRef = 8CDBED23283F571F009650CF /* Occupiable.swift */; };
		8CDBED26283F596A009650CF /* CALayer+Animation.swift in Sources */ = {isa = PBXBuildFile; fileRef = 8CDBED25283F5969009650CF /* CALayer+Animation.swift */; };
		8CEA832B28474B0F00E162BD /* ProgressHUD.swift in Sources */ = {isa = PBXBuildFile; fileRef = 8CEA832928474B0F00E162BD /* ProgressHUD.swift */; };
		8CEA832C28474B0F00E162BD /* ProgressHUD.bundle in Resources */ = {isa = PBXBuildFile; fileRef = 8CEA832A28474B0F00E162BD /* ProgressHUD.bundle */; };
		8CEDA7E828362A2C004BC3AC /* EmailValidator.swift in Sources */ = {isa = PBXBuildFile; fileRef = 8CEDA7A128362A2C004BC3AC /* EmailValidator.swift */; };
		8CEDA7E928362A2C004BC3AC /* PhoneNumberValidator.swift in Sources */ = {isa = PBXBuildFile; fileRef = 8CEDA7A228362A2C004BC3AC /* PhoneNumberValidator.swift */; };
		8CEDA7EA28362A2C004BC3AC /* Validator.swift in Sources */ = {isa = PBXBuildFile; fileRef = 8CEDA7A328362A2C004BC3AC /* Validator.swift */; };
		8CEDA7EB28362A2C004BC3AC /* IDCardValidator.swift in Sources */ = {isa = PBXBuildFile; fileRef = 8CEDA7A428362A2C004BC3AC /* IDCardValidator.swift */; };
		8CEDA7EC28362A2C004BC3AC /* IPAddressValidator.swift in Sources */ = {isa = PBXBuildFile; fileRef = 8CEDA7A528362A2C004BC3AC /* IPAddressValidator.swift */; };
		8CEDA7ED28362A2C004BC3AC /* CGRect+Transform.swift in Sources */ = {isa = PBXBuildFile; fileRef = 8CEDA7A928362A2C004BC3AC /* CGRect+Transform.swift */; };
		8CEDA7EE28362A2C004BC3AC /* UIImage+Transform.swift in Sources */ = {isa = PBXBuildFile; fileRef = 8CEDA7AC28362A2C004BC3AC /* UIImage+Transform.swift */; };
		8CEDA7F028362A2C004BC3AC /* UIScreen+Size.swift in Sources */ = {isa = PBXBuildFile; fileRef = 8CEDA7AF28362A2C004BC3AC /* UIScreen+Size.swift */; };
		8CEDA7F128362A2C004BC3AC /* UILabel+Chain.swift in Sources */ = {isa = PBXBuildFile; fileRef = 8CEDA7B128362A2C004BC3AC /* UILabel+Chain.swift */; };
		8CEDA7F228362A2C004BC3AC /* UIApplication+Window.swift in Sources */ = {isa = PBXBuildFile; fileRef = 8CEDA7B328362A2C004BC3AC /* UIApplication+Window.swift */; };
		8CEDA7F428362A2C004BC3AC /* UIButton+Chain.swift in Sources */ = {isa = PBXBuildFile; fileRef = 8CEDA7B628362A2C004BC3AC /* UIButton+Chain.swift */; };
		8CEDA7F628362A2C004BC3AC /* UIColor+HEX.swift in Sources */ = {isa = PBXBuildFile; fileRef = 8CEDA7B928362A2C004BC3AC /* UIColor+HEX.swift */; };
		8CEDA7F728362A2C004BC3AC /* UIColor+RGB.swift in Sources */ = {isa = PBXBuildFile; fileRef = 8CEDA7BA28362A2C004BC3AC /* UIColor+RGB.swift */; };
		8CEDA7F828362A2C004BC3AC /* UIView+Chain.swift in Sources */ = {isa = PBXBuildFile; fileRef = 8CEDA7BC28362A2C004BC3AC /* UIView+Chain.swift */; };
		8CEDA7F928362A2C004BC3AC /* UIDevice+Idiom.swift in Sources */ = {isa = PBXBuildFile; fileRef = 8CEDA7BE28362A2C004BC3AC /* UIDevice+Idiom.swift */; };
		8CEDA7FA28362A2C004BC3AC /* UIViewController+Modal.swift in Sources */ = {isa = PBXBuildFile; fileRef = 8CEDA7C028362A2C004BC3AC /* UIViewController+Modal.swift */; };
		8CEDA7FB28362A2C004BC3AC /* UIControl+Chain.swift in Sources */ = {isa = PBXBuildFile; fileRef = 8CEDA7C228362A2C004BC3AC /* UIControl+Chain.swift */; };
		8CEDA7FC28362A2C004BC3AC /* UITextField+Chain.swift in Sources */ = {isa = PBXBuildFile; fileRef = 8CEDA7C428362A2C004BC3AC /* UITextField+Chain.swift */; };
		8CEDA7FD28362A2C004BC3AC /* UserDefaults+Codable.swift in Sources */ = {isa = PBXBuildFile; fileRef = 8CEDA7C728362A2C004BC3AC /* UserDefaults+Codable.swift */; };
		8CEDA7FE28362A2C004BC3AC /* Collection+Async.swift in Sources */ = {isa = PBXBuildFile; fileRef = 8CEDA7C928362A2C004BC3AC /* Collection+Async.swift */; };
		8CEDA7FF28362A2C004BC3AC /* Array+Subscript.swift in Sources */ = {isa = PBXBuildFile; fileRef = 8CEDA7CB28362A2C004BC3AC /* Array+Subscript.swift */; };
		8CEDA80028362A2C004BC3AC /* Array+Index.swift in Sources */ = {isa = PBXBuildFile; fileRef = 8CEDA7CC28362A2C004BC3AC /* Array+Index.swift */; };
		8CEDA80128362A2C004BC3AC /* Date+Format.swift in Sources */ = {isa = PBXBuildFile; fileRef = 8CEDA7CE28362A2C004BC3AC /* Date+Format.swift */; };
		8CEDA80328362A2C004BC3AC /* URL+Query.swift in Sources */ = {isa = PBXBuildFile; fileRef = 8CEDA7D228362A2C004BC3AC /* URL+Query.swift */; };
		8CEDA80528362A2C004BC3AC /* Int+Transform.swift in Sources */ = {isa = PBXBuildFile; fileRef = 8CEDA7D628362A2C004BC3AC /* Int+Transform.swift */; };
		8CEDA80628362A2C004BC3AC /* Float+Transform.swift in Sources */ = {isa = PBXBuildFile; fileRef = 8CEDA7D828362A2C004BC3AC /* Float+Transform.swift */; };
		8CEDA80728362A2C004BC3AC /* Double+Transform.swift in Sources */ = {isa = PBXBuildFile; fileRef = 8CEDA7DA28362A2C004BC3AC /* Double+Transform.swift */; };
		8CEDA80828362A2C004BC3AC /* String+Subscript.swift in Sources */ = {isa = PBXBuildFile; fileRef = 8CEDA7DC28362A2C004BC3AC /* String+Subscript.swift */; };
		8CEDA80928362A2C004BC3AC /* String+Transform.swift in Sources */ = {isa = PBXBuildFile; fileRef = 8CEDA7DD28362A2C004BC3AC /* String+Transform.swift */; };
		8CEDA80A28362A2C004BC3AC /* CALayer+Chain.swift in Sources */ = {isa = PBXBuildFile; fileRef = 8CEDA7E028362A2C004BC3AC /* CALayer+Chain.swift */; };
		8CEDA80B28362A2C004BC3AC /* ReusableFormatters.swift in Sources */ = {isa = PBXBuildFile; fileRef = 8CEDA7E228362A2C004BC3AC /* ReusableFormatters.swift */; };
		8CEDA80D28362A2C004BC3AC /* Base64StringCoder.swift in Sources */ = {isa = PBXBuildFile; fileRef = 8CEDA7E628362A2C004BC3AC /* Base64StringCoder.swift */; };
		8CEDA80E28362A2C004BC3AC /* StringCoder.swift in Sources */ = {isa = PBXBuildFile; fileRef = 8CEDA7E728362A2C004BC3AC /* StringCoder.swift */; };
		8CFDFCDF2974F95700288B55 /* UIView+Layout.swift in Sources */ = {isa = PBXBuildFile; fileRef = 8CFDFCDE2974F95700288B55 /* UIView+Layout.swift */; };
		B3E62B9BB5820BD9B5967867 /* Pods_Architecture_ArchitectureUITests.framework in Frameworks */ = {isa = PBXBuildFile; fileRef = DBED850C9B9922AD53DE50FB /* Pods_Architecture_ArchitectureUITests.framework */; };
/* End PBXBuildFile section */

/* Begin PBXContainerItemProxy section */
		8C40863126CD003800C26A55 /* PBXContainerItemProxy */ = {
			isa = PBXContainerItemProxy;
			containerPortal = 8C40861226CD003300C26A55 /* Project object */;
			proxyType = 1;
			remoteGlobalIDString = 8C40861926CD003300C26A55;
			remoteInfo = Architecture;
		};
		8C40863C26CD003800C26A55 /* PBXContainerItemProxy */ = {
			isa = PBXContainerItemProxy;
			containerPortal = 8C40861226CD003300C26A55 /* Project object */;
			proxyType = 1;
			remoteGlobalIDString = 8C40861926CD003300C26A55;
			remoteInfo = Architecture;
		};
/* End PBXContainerItemProxy section */

/* Begin PBXFileReference section */
		1AA0FBE8117353764082A22C /* Pods-Architecture.release.xcconfig */ = {isa = PBXFileReference; includeInIndex = 1; lastKnownFileType = text.xcconfig; name = "Pods-Architecture.release.xcconfig"; path = "Target Support Files/Pods-Architecture/Pods-Architecture.release.xcconfig"; sourceTree = "<group>"; };
		213436231FB996C6940D9857 /* Pods-ArchitectureTests.release.xcconfig */ = {isa = PBXFileReference; includeInIndex = 1; lastKnownFileType = text.xcconfig; name = "Pods-ArchitectureTests.release.xcconfig"; path = "Target Support Files/Pods-ArchitectureTests/Pods-ArchitectureTests.release.xcconfig"; sourceTree = "<group>"; };
		331F87846DB28FB3081BB356 /* Pods_ArchitectureTests.framework */ = {isa = PBXFileReference; explicitFileType = wrapper.framework; includeInIndex = 0; path = Pods_ArchitectureTests.framework; sourceTree = BUILT_PRODUCTS_DIR; };
		7176178609C383134D9D2247 /* Pods-Architecture-ArchitectureUITests.release.xcconfig */ = {isa = PBXFileReference; includeInIndex = 1; lastKnownFileType = text.xcconfig; name = "Pods-Architecture-ArchitectureUITests.release.xcconfig"; path = "Target Support Files/Pods-Architecture-ArchitectureUITests/Pods-Architecture-ArchitectureUITests.release.xcconfig"; sourceTree = "<group>"; };
		75A92A49EF96754FC39951D8 /* Pods-Architecture-ArchitectureUITests.debug.xcconfig */ = {isa = PBXFileReference; includeInIndex = 1; lastKnownFileType = text.xcconfig; name = "Pods-Architecture-ArchitectureUITests.debug.xcconfig"; path = "Target Support Files/Pods-Architecture-ArchitectureUITests/Pods-Architecture-ArchitectureUITests.debug.xcconfig"; sourceTree = "<group>"; };
		8C094B0228DDABAD0041A3C0 /* UISegmentedControlExtension.swift */ = {isa = PBXFileReference; lastKnownFileType = sourcecode.swift; path = UISegmentedControlExtension.swift; sourceTree = "<group>"; };
		8C094B0628DDAC4F0041A3C0 /* NSPredicateExtensions.swift */ = {isa = PBXFileReference; lastKnownFileType = sourcecode.swift; path = NSPredicateExtensions.swift; sourceTree = "<group>"; };
		8C094B0928DDB5C30041A3C0 /* DataExtensions.swift */ = {isa = PBXFileReference; lastKnownFileType = sourcecode.swift; path = DataExtensions.swift; sourceTree = "<group>"; };
		8C2B813A283B3155001D35C4 /* MD5StringEncoder.swift */ = {isa = PBXFileReference; fileEncoding = 4; lastKnownFileType = sourcecode.swift; path = MD5StringEncoder.swift; sourceTree = "<group>"; };
		8C2B813D283B5798001D35C4 /* NSObject+ClassName.swift */ = {isa = PBXFileReference; lastKnownFileType = sourcecode.swift; path = "NSObject+ClassName.swift"; sourceTree = "<group>"; };
		8C2B8140283B595E001D35C4 /* UISwitch+Toggle.swift */ = {isa = PBXFileReference; lastKnownFileType = sourcecode.swift; path = "UISwitch+Toggle.swift"; sourceTree = "<group>"; };
		8C2B8143283B5DBA001D35C4 /*  UIAlertController+Extension.swift */ = {isa = PBXFileReference; lastKnownFileType = sourcecode.swift; path = " UIAlertController+Extension.swift"; sourceTree = "<group>"; };
		8C381D4028D2C96500FEE14B /* UIView+Container.swift */ = {isa = PBXFileReference; lastKnownFileType = sourcecode.swift; path = "UIView+Container.swift"; sourceTree = "<group>"; };
		8C381D4328D2CD8D00FEE14B /* UITextView+Chain.swift */ = {isa = PBXFileReference; lastKnownFileType = sourcecode.swift; path = "UITextView+Chain.swift"; sourceTree = "<group>"; };
		8C381D4528D2CF9800FEE14B /* PlaceholderTextView+Chain.swift */ = {isa = PBXFileReference; lastKnownFileType = sourcecode.swift; path = "PlaceholderTextView+Chain.swift"; sourceTree = "<group>"; };
		8C40861A26CD003300C26A55 /* Architecture.app */ = {isa = PBXFileReference; explicitFileType = wrapper.application; includeInIndex = 0; path = Architecture.app; sourceTree = BUILT_PRODUCTS_DIR; };
		8C40861D26CD003300C26A55 /* AppDelegate.swift */ = {isa = PBXFileReference; lastKnownFileType = sourcecode.swift; path = AppDelegate.swift; sourceTree = "<group>"; };
		8C40862626CD003700C26A55 /* Assets.xcassets */ = {isa = PBXFileReference; lastKnownFileType = folder.assetcatalog; path = Assets.xcassets; sourceTree = "<group>"; };
		8C40862926CD003700C26A55 /* Base */ = {isa = PBXFileReference; lastKnownFileType = file.storyboard; name = Base; path = Base.lproj/LaunchScreen.storyboard; sourceTree = "<group>"; };
		8C40862B26CD003700C26A55 /* Info.plist */ = {isa = PBXFileReference; lastKnownFileType = text.plist.xml; path = Info.plist; sourceTree = "<group>"; };
		8C40863026CD003800C26A55 /* ArchitectureTests.xctest */ = {isa = PBXFileReference; explicitFileType = wrapper.cfbundle; includeInIndex = 0; path = ArchitectureTests.xctest; sourceTree = BUILT_PRODUCTS_DIR; };
		8C40863426CD003800C26A55 /* ArchitectureTests.swift */ = {isa = PBXFileReference; lastKnownFileType = sourcecode.swift; path = ArchitectureTests.swift; sourceTree = "<group>"; };
		8C40863626CD003800C26A55 /* Info.plist */ = {isa = PBXFileReference; lastKnownFileType = text.plist.xml; path = Info.plist; sourceTree = "<group>"; };
		8C40863B26CD003800C26A55 /* ArchitectureUITests.xctest */ = {isa = PBXFileReference; explicitFileType = wrapper.cfbundle; includeInIndex = 0; path = ArchitectureUITests.xctest; sourceTree = BUILT_PRODUCTS_DIR; };
		8C40863F26CD003800C26A55 /* ArchitectureUITests.swift */ = {isa = PBXFileReference; lastKnownFileType = sourcecode.swift; path = ArchitectureUITests.swift; sourceTree = "<group>"; };
		8C40864126CD003800C26A55 /* Info.plist */ = {isa = PBXFileReference; lastKnownFileType = text.plist.xml; path = Info.plist; sourceTree = "<group>"; };
		8C40865626CD037600C26A55 /* TabBarController.swift */ = {isa = PBXFileReference; lastKnownFileType = sourcecode.swift; path = TabBarController.swift; sourceTree = "<group>"; };
		8C40865826CD039A00C26A55 /* NavigationController.swift */ = {isa = PBXFileReference; lastKnownFileType = sourcecode.swift; path = NavigationController.swift; sourceTree = "<group>"; };
		8C40865A26CD03AB00C26A55 /* ViewController.swift */ = {isa = PBXFileReference; lastKnownFileType = sourcecode.swift; path = ViewController.swift; sourceTree = "<group>"; };
		8C4086DF26CE5C7800C26A55 /* BackWebviewController.swift */ = {isa = PBXFileReference; fileEncoding = 4; lastKnownFileType = sourcecode.swift; path = BackWebviewController.swift; sourceTree = "<group>"; };
		8C4086E026CE5C7800C26A55 /* WebViewController.swift */ = {isa = PBXFileReference; fileEncoding = 4; lastKnownFileType = sourcecode.swift; path = WebViewController.swift; sourceTree = "<group>"; };
		8C4246C628C59C2400F384D5 /* UICollectionView+Register.swift */ = {isa = PBXFileReference; lastKnownFileType = sourcecode.swift; path = "UICollectionView+Register.swift"; sourceTree = "<group>"; };
		8C4246C828C59E9000F384D5 /* UITableView+Register.swift */ = {isa = PBXFileReference; lastKnownFileType = sourcecode.swift; path = "UITableView+Register.swift"; sourceTree = "<group>"; };
		8C760DE328E4154E00A29F77 /* UIViewController+TopMostViewController.swift */ = {isa = PBXFileReference; lastKnownFileType = sourcecode.swift; path = "UIViewController+TopMostViewController.swift"; sourceTree = "<group>"; };
		8C760DE528E4318B00A29F77 /* UIFontExtensions.swift */ = {isa = PBXFileReference; fileEncoding = 4; lastKnownFileType = sourcecode.swift; path = UIFontExtensions.swift; sourceTree = "<group>"; };
		8C760DE628E4318B00A29F77 /* UIBarButtonItemExtensions.swift */ = {isa = PBXFileReference; fileEncoding = 4; lastKnownFileType = sourcecode.swift; path = UIBarButtonItemExtensions.swift; sourceTree = "<group>"; };
		8C760DE928E4319700A29F77 /* UISearchBarExtensions.swift */ = {isa = PBXFileReference; fileEncoding = 4; lastKnownFileType = sourcecode.swift; path = UISearchBarExtensions.swift; sourceTree = "<group>"; };
		8C760DEB28E4319F00A29F77 /* UIStoryboardExtensions.swift */ = {isa = PBXFileReference; fileEncoding = 4; lastKnownFileType = sourcecode.swift; path = UIStoryboardExtensions.swift; sourceTree = "<group>"; };
		8C760DF228E4330000A29F77 /* UINavigationControllerExtensions.swift */ = {isa = PBXFileReference; fileEncoding = 4; lastKnownFileType = sourcecode.swift; path = UINavigationControllerExtensions.swift; sourceTree = "<group>"; };
		8C76855728BF4EC4004FF44E /* PlaceholderTextView.swift */ = {isa = PBXFileReference; lastKnownFileType = sourcecode.swift; path = PlaceholderTextView.swift; sourceTree = "<group>"; };
		8C76C21127588A75008ED8D2 /* NamespaceWrapper.swift */ = {isa = PBXFileReference; fileEncoding = 4; lastKnownFileType = sourcecode.swift; path = NamespaceWrapper.swift; sourceTree = "<group>"; };
		8C9F7B71283E0E9D0031BD6E /* UIControl+Closure.swift */ = {isa = PBXFileReference; lastKnownFileType = sourcecode.swift; path = "UIControl+Closure.swift"; sourceTree = "<group>"; };
		8CCA54CE28F3FE3C0051912D /* CGSize+Transform.swift */ = {isa = PBXFileReference; lastKnownFileType = sourcecode.swift; path = "CGSize+Transform.swift"; sourceTree = "<group>"; };
		8CCA54D028F3FF390051912D /* CGFloatExtensions.swift */ = {isa = PBXFileReference; lastKnownFileType = sourcecode.swift; path = CGFloatExtensions.swift; sourceTree = "<group>"; };
		8CDBED23283F571F009650CF /* Occupiable.swift */ = {isa = PBXFileReference; lastKnownFileType = sourcecode.swift; path = Occupiable.swift; sourceTree = "<group>"; };
		8CDBED25283F5969009650CF /* CALayer+Animation.swift */ = {isa = PBXFileReference; lastKnownFileType = sourcecode.swift; path = "CALayer+Animation.swift"; sourceTree = "<group>"; };
		8CEA832928474B0F00E162BD /* ProgressHUD.swift */ = {isa = PBXFileReference; fileEncoding = 4; lastKnownFileType = sourcecode.swift; path = ProgressHUD.swift; sourceTree = "<group>"; };
		8CEA832A28474B0F00E162BD /* ProgressHUD.bundle */ = {isa = PBXFileReference; lastKnownFileType = "wrapper.plug-in"; path = ProgressHUD.bundle; sourceTree = "<group>"; };
		8CEDA7A128362A2C004BC3AC /* EmailValidator.swift */ = {isa = PBXFileReference; fileEncoding = 4; lastKnownFileType = sourcecode.swift; path = EmailValidator.swift; sourceTree = "<group>"; };
		8CEDA7A228362A2C004BC3AC /* PhoneNumberValidator.swift */ = {isa = PBXFileReference; fileEncoding = 4; lastKnownFileType = sourcecode.swift; path = PhoneNumberValidator.swift; sourceTree = "<group>"; };
		8CEDA7A328362A2C004BC3AC /* Validator.swift */ = {isa = PBXFileReference; fileEncoding = 4; lastKnownFileType = sourcecode.swift; path = Validator.swift; sourceTree = "<group>"; };
		8CEDA7A428362A2C004BC3AC /* IDCardValidator.swift */ = {isa = PBXFileReference; fileEncoding = 4; lastKnownFileType = sourcecode.swift; path = IDCardValidator.swift; sourceTree = "<group>"; };
		8CEDA7A528362A2C004BC3AC /* IPAddressValidator.swift */ = {isa = PBXFileReference; fileEncoding = 4; lastKnownFileType = sourcecode.swift; path = IPAddressValidator.swift; sourceTree = "<group>"; };
		8CEDA7A928362A2C004BC3AC /* CGRect+Transform.swift */ = {isa = PBXFileReference; fileEncoding = 4; lastKnownFileType = sourcecode.swift; path = "CGRect+Transform.swift"; sourceTree = "<group>"; };
		8CEDA7AC28362A2C004BC3AC /* UIImage+Transform.swift */ = {isa = PBXFileReference; fileEncoding = 4; lastKnownFileType = sourcecode.swift; path = "UIImage+Transform.swift"; sourceTree = "<group>"; };
		8CEDA7AF28362A2C004BC3AC /* UIScreen+Size.swift */ = {isa = PBXFileReference; fileEncoding = 4; lastKnownFileType = sourcecode.swift; path = "UIScreen+Size.swift"; sourceTree = "<group>"; };
		8CEDA7B128362A2C004BC3AC /* UILabel+Chain.swift */ = {isa = PBXFileReference; fileEncoding = 4; lastKnownFileType = sourcecode.swift; path = "UILabel+Chain.swift"; sourceTree = "<group>"; };
		8CEDA7B328362A2C004BC3AC /* UIApplication+Window.swift */ = {isa = PBXFileReference; fileEncoding = 4; lastKnownFileType = sourcecode.swift; path = "UIApplication+Window.swift"; sourceTree = "<group>"; };
		8CEDA7B628362A2C004BC3AC /* UIButton+Chain.swift */ = {isa = PBXFileReference; fileEncoding = 4; lastKnownFileType = sourcecode.swift; path = "UIButton+Chain.swift"; sourceTree = "<group>"; };
		8CEDA7B928362A2C004BC3AC /* UIColor+HEX.swift */ = {isa = PBXFileReference; fileEncoding = 4; lastKnownFileType = sourcecode.swift; path = "UIColor+HEX.swift"; sourceTree = "<group>"; };
		8CEDA7BA28362A2C004BC3AC /* UIColor+RGB.swift */ = {isa = PBXFileReference; fileEncoding = 4; lastKnownFileType = sourcecode.swift; path = "UIColor+RGB.swift"; sourceTree = "<group>"; };
		8CEDA7BC28362A2C004BC3AC /* UIView+Chain.swift */ = {isa = PBXFileReference; fileEncoding = 4; lastKnownFileType = sourcecode.swift; path = "UIView+Chain.swift"; sourceTree = "<group>"; };
		8CEDA7BE28362A2C004BC3AC /* UIDevice+Idiom.swift */ = {isa = PBXFileReference; fileEncoding = 4; lastKnownFileType = sourcecode.swift; path = "UIDevice+Idiom.swift"; sourceTree = "<group>"; };
		8CEDA7C028362A2C004BC3AC /* UIViewController+Modal.swift */ = {isa = PBXFileReference; fileEncoding = 4; lastKnownFileType = sourcecode.swift; path = "UIViewController+Modal.swift"; sourceTree = "<group>"; };
		8CEDA7C228362A2C004BC3AC /* UIControl+Chain.swift */ = {isa = PBXFileReference; fileEncoding = 4; lastKnownFileType = sourcecode.swift; path = "UIControl+Chain.swift"; sourceTree = "<group>"; };
		8CEDA7C428362A2C004BC3AC /* UITextField+Chain.swift */ = {isa = PBXFileReference; fileEncoding = 4; lastKnownFileType = sourcecode.swift; path = "UITextField+Chain.swift"; sourceTree = "<group>"; };
		8CEDA7C728362A2C004BC3AC /* UserDefaults+Codable.swift */ = {isa = PBXFileReference; fileEncoding = 4; lastKnownFileType = sourcecode.swift; path = "UserDefaults+Codable.swift"; sourceTree = "<group>"; };
		8CEDA7C928362A2C004BC3AC /* Collection+Async.swift */ = {isa = PBXFileReference; fileEncoding = 4; lastKnownFileType = sourcecode.swift; path = "Collection+Async.swift"; sourceTree = "<group>"; };
		8CEDA7CB28362A2C004BC3AC /* Array+Subscript.swift */ = {isa = PBXFileReference; fileEncoding = 4; lastKnownFileType = sourcecode.swift; path = "Array+Subscript.swift"; sourceTree = "<group>"; };
		8CEDA7CC28362A2C004BC3AC /* Array+Index.swift */ = {isa = PBXFileReference; fileEncoding = 4; lastKnownFileType = sourcecode.swift; path = "Array+Index.swift"; sourceTree = "<group>"; };
		8CEDA7CE28362A2C004BC3AC /* Date+Format.swift */ = {isa = PBXFileReference; fileEncoding = 4; lastKnownFileType = sourcecode.swift; path = "Date+Format.swift"; sourceTree = "<group>"; };
		8CEDA7D228362A2C004BC3AC /* URL+Query.swift */ = {isa = PBXFileReference; fileEncoding = 4; lastKnownFileType = sourcecode.swift; path = "URL+Query.swift"; sourceTree = "<group>"; };
		8CEDA7D628362A2C004BC3AC /* Int+Transform.swift */ = {isa = PBXFileReference; fileEncoding = 4; lastKnownFileType = sourcecode.swift; path = "Int+Transform.swift"; sourceTree = "<group>"; };
		8CEDA7D828362A2C004BC3AC /* Float+Transform.swift */ = {isa = PBXFileReference; fileEncoding = 4; lastKnownFileType = sourcecode.swift; path = "Float+Transform.swift"; sourceTree = "<group>"; };
		8CEDA7DA28362A2C004BC3AC /* Double+Transform.swift */ = {isa = PBXFileReference; fileEncoding = 4; lastKnownFileType = sourcecode.swift; path = "Double+Transform.swift"; sourceTree = "<group>"; };
		8CEDA7DC28362A2C004BC3AC /* String+Subscript.swift */ = {isa = PBXFileReference; fileEncoding = 4; lastKnownFileType = sourcecode.swift; path = "String+Subscript.swift"; sourceTree = "<group>"; };
		8CEDA7DD28362A2C004BC3AC /* String+Transform.swift */ = {isa = PBXFileReference; fileEncoding = 4; lastKnownFileType = sourcecode.swift; path = "String+Transform.swift"; sourceTree = "<group>"; };
		8CEDA7E028362A2C004BC3AC /* CALayer+Chain.swift */ = {isa = PBXFileReference; fileEncoding = 4; lastKnownFileType = sourcecode.swift; path = "CALayer+Chain.swift"; sourceTree = "<group>"; };
		8CEDA7E228362A2C004BC3AC /* ReusableFormatters.swift */ = {isa = PBXFileReference; fileEncoding = 4; lastKnownFileType = sourcecode.swift; path = ReusableFormatters.swift; sourceTree = "<group>"; };
		8CEDA7E628362A2C004BC3AC /* Base64StringCoder.swift */ = {isa = PBXFileReference; fileEncoding = 4; lastKnownFileType = sourcecode.swift; path = Base64StringCoder.swift; sourceTree = "<group>"; };
		8CEDA7E728362A2C004BC3AC /* StringCoder.swift */ = {isa = PBXFileReference; fileEncoding = 4; lastKnownFileType = sourcecode.swift; path = StringCoder.swift; sourceTree = "<group>"; };
		8CFDFCDE2974F95700288B55 /* UIView+Layout.swift */ = {isa = PBXFileReference; lastKnownFileType = sourcecode.swift; path = "UIView+Layout.swift"; sourceTree = "<group>"; };
		BE2F0AD33EAFE8F2A2673369 /* Pods-ArchitectureTests.debug.xcconfig */ = {isa = PBXFileReference; includeInIndex = 1; lastKnownFileType = text.xcconfig; name = "Pods-ArchitectureTests.debug.xcconfig"; path = "Target Support Files/Pods-ArchitectureTests/Pods-ArchitectureTests.debug.xcconfig"; sourceTree = "<group>"; };
		C4D51C45947C11C4021AA5CB /* Pods-Architecture.debug.xcconfig */ = {isa = PBXFileReference; includeInIndex = 1; lastKnownFileType = text.xcconfig; name = "Pods-Architecture.debug.xcconfig"; path = "Target Support Files/Pods-Architecture/Pods-Architecture.debug.xcconfig"; sourceTree = "<group>"; };
		CE5CF12118179EB516553528 /* Pods_Architecture.framework */ = {isa = PBXFileReference; explicitFileType = wrapper.framework; includeInIndex = 0; path = Pods_Architecture.framework; sourceTree = BUILT_PRODUCTS_DIR; };
		DBED850C9B9922AD53DE50FB /* Pods_Architecture_ArchitectureUITests.framework */ = {isa = PBXFileReference; explicitFileType = wrapper.framework; includeInIndex = 0; path = Pods_Architecture_ArchitectureUITests.framework; sourceTree = BUILT_PRODUCTS_DIR; };
/* End PBXFileReference section */

/* Begin PBXFrameworksBuildPhase section */
		8C40861726CD003300C26A55 /* Frameworks */ = {
			isa = PBXFrameworksBuildPhase;
			buildActionMask = 2147483647;
			files = (
				45B61A93448E7A7ADB4D974C /* Pods_Architecture.framework in Frameworks */,
			);
			runOnlyForDeploymentPostprocessing = 0;
		};
		8C40862D26CD003800C26A55 /* Frameworks */ = {
			isa = PBXFrameworksBuildPhase;
			buildActionMask = 2147483647;
			files = (
				86EA86CA54275E4D9458F2B8 /* Pods_ArchitectureTests.framework in Frameworks */,
			);
			runOnlyForDeploymentPostprocessing = 0;
		};
		8C40863826CD003800C26A55 /* Frameworks */ = {
			isa = PBXFrameworksBuildPhase;
			buildActionMask = 2147483647;
			files = (
				B3E62B9BB5820BD9B5967867 /* Pods_Architecture_ArchitectureUITests.framework in Frameworks */,
			);
			runOnlyForDeploymentPostprocessing = 0;
		};
/* End PBXFrameworksBuildPhase section */

/* Begin PBXGroup section */
		8C094B0428DDABD30041A3C0 /* UISegmentedControl */ = {
			isa = PBXGroup;
			children = (
				8C094B0228DDABAD0041A3C0 /* UISegmentedControlExtension.swift */,
			);
			path = UISegmentedControl;
			sourceTree = "<group>";
		};
		8C094B0528DDAC3A0041A3C0 /* NSPredicate */ = {
			isa = PBXGroup;
			children = (
				8C094B0628DDAC4F0041A3C0 /* NSPredicateExtensions.swift */,
			);
			path = NSPredicate;
			sourceTree = "<group>";
		};
		8C094B0828DDB5B70041A3C0 /* Data */ = {
			isa = PBXGroup;
			children = (
				8C094B0928DDB5C30041A3C0 /* DataExtensions.swift */,
			);
			path = Data;
			sourceTree = "<group>";
		};
		8C13D68527B4A4CE00C30C66 /* Controller */ = {
			isa = PBXGroup;
			children = (
				8C4086DF26CE5C7800C26A55 /* BackWebviewController.swift */,
				8C40865826CD039A00C26A55 /* NavigationController.swift */,
				8C40865626CD037600C26A55 /* TabBarController.swift */,
				8C40865A26CD03AB00C26A55 /* ViewController.swift */,
				8C4086E026CE5C7800C26A55 /* WebViewController.swift */,
			);
			path = Controller;
			sourceTree = "<group>";
		};
		8C2B813C283B5778001D35C4 /* NSObject */ = {
			isa = PBXGroup;
			children = (
				8C2B813D283B5798001D35C4 /* NSObject+ClassName.swift */,
			);
			path = NSObject;
			sourceTree = "<group>";
		};
		8C2B813F283B592A001D35C4 /* UISwitch */ = {
			isa = PBXGroup;
			children = (
				8C2B8140283B595E001D35C4 /* UISwitch+Toggle.swift */,
			);
			path = UISwitch;
			sourceTree = "<group>";
		};
		8C2B8142283B5D8F001D35C4 /* UIAlertController */ = {
			isa = PBXGroup;
			children = (
				8C2B8143283B5DBA001D35C4 /*  UIAlertController+Extension.swift */,
			);
			path = UIAlertController;
			sourceTree = "<group>";
		};
		8C381D4228D2CD7F00FEE14B /* UITextView */ = {
			isa = PBXGroup;
			children = (
				8C381D4328D2CD8D00FEE14B /* UITextView+Chain.swift */,
			);
			path = UITextView;
			sourceTree = "<group>";
		};
		8C381D8728E6C0B30068D1BA /* SwiftStdlib */ = {
			isa = PBXGroup;
			children = (
				8CEDA7DB28362A2C004BC3AC /* String */,
				8CEDA7D528362A2C004BC3AC /* Int */,
				8CEDA7D728362A2C004BC3AC /* Float */,
				8CEDA7D928362A2C004BC3AC /* Double */,
				8CEDA7C828362A2C004BC3AC /* Collection */,
				8CEDA7CA28362A2C004BC3AC /* Array */,
			);
			path = SwiftStdlib;
			sourceTree = "<group>";
		};
		8C40861126CD003300C26A55 = {
			isa = PBXGroup;
			children = (
				8C40861C26CD003300C26A55 /* Architecture */,
				8C40863326CD003800C26A55 /* ArchitectureTests */,
				8C40863E26CD003800C26A55 /* ArchitectureUITests */,
				8C40861B26CD003300C26A55 /* Products */,
				F23C4A74073CE5A1FA89C118 /* Pods */,
				F40DFCE71FC9109D9758CAD9 /* Frameworks */,
			);
			sourceTree = "<group>";
		};
		8C40861B26CD003300C26A55 /* Products */ = {
			isa = PBXGroup;
			children = (
				8C40861A26CD003300C26A55 /* Architecture.app */,
				8C40863026CD003800C26A55 /* ArchitectureTests.xctest */,
				8C40863B26CD003800C26A55 /* ArchitectureUITests.xctest */,
			);
			name = Products;
			sourceTree = "<group>";
		};
		8C40861C26CD003300C26A55 /* Architecture */ = {
			isa = PBXGroup;
			children = (
				8C40861D26CD003300C26A55 /* AppDelegate.swift */,
				8CEDA79E28362A2C004BC3AC /* SwiftKit */,
				8C40864D26CD00F100C26A55 /* Common */,
				8C4086AF26CE1DF200C26A55 /* Protocol */,
				8C40862B26CD003700C26A55 /* Info.plist */,
				8C40862626CD003700C26A55 /* Assets.xcassets */,
				8C40862826CD003700C26A55 /* LaunchScreen.storyboard */,
			);
			path = Architecture;
			sourceTree = "<group>";
		};
		8C40863326CD003800C26A55 /* ArchitectureTests */ = {
			isa = PBXGroup;
			children = (
				8C40863426CD003800C26A55 /* ArchitectureTests.swift */,
				8C40863626CD003800C26A55 /* Info.plist */,
			);
			path = ArchitectureTests;
			sourceTree = "<group>";
		};
		8C40863E26CD003800C26A55 /* ArchitectureUITests */ = {
			isa = PBXGroup;
			children = (
				8C40863F26CD003800C26A55 /* ArchitectureUITests.swift */,
				8C40864126CD003800C26A55 /* Info.plist */,
			);
			path = ArchitectureUITests;
			sourceTree = "<group>";
		};
		8C40864D26CD00F100C26A55 /* Common */ = {
			isa = PBXGroup;
			children = (
				8C76855628BF4E70004FF44E /* PlaceholderTextView */,
				8CEA832828474B0F00E162BD /* ProgressHUD */,
				8C13D68527B4A4CE00C30C66 /* Controller */,
			);
			path = Common;
			sourceTree = "<group>";
		};
		8C4086AF26CE1DF200C26A55 /* Protocol */ = {
			isa = PBXGroup;
			children = (
				8C76C21127588A75008ED8D2 /* NamespaceWrapper.swift */,
			);
			path = Protocol;
			sourceTree = "<group>";
		};
		8C4246C528C59BEF00F384D5 /* UICollectionView */ = {
			isa = PBXGroup;
			children = (
				8C4246C628C59C2400F384D5 /* UICollectionView+Register.swift */,
			);
			path = UICollectionView;
			sourceTree = "<group>";
		};
		8C4246CA28C59E9500F384D5 /* UITableView */ = {
			isa = PBXGroup;
			children = (
				8C4246C828C59E9000F384D5 /* UITableView+Register.swift */,
			);
			path = UITableView;
			sourceTree = "<group>";
		};
		8C760DED28E4326300A29F77 /* UIFont */ = {
			isa = PBXGroup;
			children = (
				8C760DE528E4318B00A29F77 /* UIFontExtensions.swift */,
			);
			path = UIFont;
			sourceTree = "<group>";
		};
		8C760DEE28E4326D00A29F77 /* UISearchBar */ = {
			isa = PBXGroup;
			children = (
				8C760DE928E4319700A29F77 /* UISearchBarExtensions.swift */,
			);
			path = UISearchBar;
			sourceTree = "<group>";
		};
		8C760DEF28E4327A00A29F77 /* UIStoryboard */ = {
			isa = PBXGroup;
			children = (
				8C760DEB28E4319F00A29F77 /* UIStoryboardExtensions.swift */,
			);
			path = UIStoryboard;
			sourceTree = "<group>";
		};
		8C760DF028E4328400A29F77 /* UIBarButtonItem */ = {
			isa = PBXGroup;
			children = (
				8C760DE628E4318B00A29F77 /* UIBarButtonItemExtensions.swift */,
			);
			path = UIBarButtonItem;
			sourceTree = "<group>";
		};
		8C760DF128E432F800A29F77 /* UINavigationController */ = {
			isa = PBXGroup;
			children = (
				8C760DF228E4330000A29F77 /* UINavigationControllerExtensions.swift */,
			);
			path = UINavigationController;
			sourceTree = "<group>";
		};
		8C76855628BF4E70004FF44E /* PlaceholderTextView */ = {
			isa = PBXGroup;
			children = (
				8C76855728BF4EC4004FF44E /* PlaceholderTextView.swift */,
				8C381D4528D2CF9800FEE14B /* PlaceholderTextView+Chain.swift */,
			);
			path = PlaceholderTextView;
			sourceTree = "<group>";
		};
		8CCA54CD28F3FE250051912D /* CGSize */ = {
			isa = PBXGroup;
			children = (
				8CCA54CE28F3FE3C0051912D /* CGSize+Transform.swift */,
			);
			path = CGSize;
			sourceTree = "<group>";
		};
		8CCA54D228F3FF810051912D /* CGFloat */ = {
			isa = PBXGroup;
			children = (
				8CCA54D028F3FF390051912D /* CGFloatExtensions.swift */,
			);
			path = CGFloat;
			sourceTree = "<group>";
		};
		8CDBED22283F565D009650CF /* Occupiable */ = {
			isa = PBXGroup;
			children = (
				8CDBED23283F571F009650CF /* Occupiable.swift */,
			);
			path = Occupiable;
			sourceTree = "<group>";
		};
		8CEA832828474B0F00E162BD /* ProgressHUD */ = {
			isa = PBXGroup;
			children = (
				8CEA832928474B0F00E162BD /* ProgressHUD.swift */,
				8CEA832A28474B0F00E162BD /* ProgressHUD.bundle */,
			);
			path = ProgressHUD;
			sourceTree = "<group>";
		};
		8CEDA79E28362A2C004BC3AC /* SwiftKit */ = {
			isa = PBXGroup;
			children = (
				8CEDA7A628362A2C004BC3AC /* Extension */,
				8CDBED22283F565D009650CF /* Occupiable */,
				8CEDA7E128362A2C004BC3AC /* ReusableFormatters */,
				8CEDA7E528362A2C004BC3AC /* StringCoder */,
				8CEDA7A028362A2C004BC3AC /* Validator */,
			);
			path = SwiftKit;
			sourceTree = "<group>";
		};
		8CEDA7A028362A2C004BC3AC /* Validator */ = {
			isa = PBXGroup;
			children = (
				8CEDA7A128362A2C004BC3AC /* EmailValidator.swift */,
				8CEDA7A428362A2C004BC3AC /* IDCardValidator.swift */,
				8CEDA7A528362A2C004BC3AC /* IPAddressValidator.swift */,
				8CEDA7A228362A2C004BC3AC /* PhoneNumberValidator.swift */,
				8CEDA7A328362A2C004BC3AC /* Validator.swift */,
			);
			path = Validator;
			sourceTree = "<group>";
		};
		8CEDA7A628362A2C004BC3AC /* Extension */ = {
			isa = PBXGroup;
			children = (
				8C381D8728E6C0B30068D1BA /* SwiftStdlib */,
				8CEDA7A728362A2C004BC3AC /* CoreGraphics */,
				8CEDA7AA28362A2C004BC3AC /* UIKit */,
				8CEDA7C528362A2C004BC3AC /* Foundation */,
				8CEDA7DE28362A2C004BC3AC /* QuartzCore */,
			);
			path = Extension;
			sourceTree = "<group>";
		};
		8CEDA7A728362A2C004BC3AC /* CoreGraphics */ = {
			isa = PBXGroup;
			children = (
				8CCA54D228F3FF810051912D /* CGFloat */,
				8CCA54CD28F3FE250051912D /* CGSize */,
				8CEDA7A828362A2C004BC3AC /* CGRect */,
			);
			path = CoreGraphics;
			sourceTree = "<group>";
		};
		8CEDA7A828362A2C004BC3AC /* CGRect */ = {
			isa = PBXGroup;
			children = (
				8CEDA7A928362A2C004BC3AC /* CGRect+Transform.swift */,
			);
			path = CGRect;
			sourceTree = "<group>";
		};
		8CEDA7AA28362A2C004BC3AC /* UIKit */ = {
			isa = PBXGroup;
			children = (
				8C2B8142283B5D8F001D35C4 /* UIAlertController */,
				8CEDA7B228362A2C004BC3AC /* UIApplication */,
				8C760DF028E4328400A29F77 /* UIBarButtonItem */,
				8CEDA7B528362A2C004BC3AC /* UIButton */,
				8C4246C528C59BEF00F384D5 /* UICollectionView */,
				8CEDA7B728362A2C004BC3AC /* UIColor */,
				8CEDA7C128362A2C004BC3AC /* UIControl */,
				8CEDA7BD28362A2C004BC3AC /* UIDevice */,
				8C760DED28E4326300A29F77 /* UIFont */,
				8CEDA7AB28362A2C004BC3AC /* UIImage */,
				8CEDA7B028362A2C004BC3AC /* UILabel */,
				8C760DF128E432F800A29F77 /* UINavigationController */,
				8CEDA7AE28362A2C004BC3AC /* UIScreen */,
				8C760DEE28E4326D00A29F77 /* UISearchBar */,
				8C094B0428DDABD30041A3C0 /* UISegmentedControl */,
				8C760DEF28E4327A00A29F77 /* UIStoryboard */,
				8C2B813F283B592A001D35C4 /* UISwitch */,
				8C4246CA28C59E9500F384D5 /* UITableView */,
				8CEDA7C328362A2C004BC3AC /* UITextField */,
				8C381D4228D2CD7F00FEE14B /* UITextView */,
				8CEDA7BB28362A2C004BC3AC /* UIView */,
				8CEDA7BF28362A2C004BC3AC /* UIViewController */,
			);
			path = UIKit;
			sourceTree = "<group>";
		};
		8CEDA7AB28362A2C004BC3AC /* UIImage */ = {
			isa = PBXGroup;
			children = (
				8CEDA7AC28362A2C004BC3AC /* UIImage+Transform.swift */,
			);
			path = UIImage;
			sourceTree = "<group>";
		};
		8CEDA7AE28362A2C004BC3AC /* UIScreen */ = {
			isa = PBXGroup;
			children = (
				8CEDA7AF28362A2C004BC3AC /* UIScreen+Size.swift */,
			);
			path = UIScreen;
			sourceTree = "<group>";
		};
		8CEDA7B028362A2C004BC3AC /* UILabel */ = {
			isa = PBXGroup;
			children = (
				8CEDA7B128362A2C004BC3AC /* UILabel+Chain.swift */,
			);
			path = UILabel;
			sourceTree = "<group>";
		};
		8CEDA7B228362A2C004BC3AC /* UIApplication */ = {
			isa = PBXGroup;
			children = (
				8CEDA7B328362A2C004BC3AC /* UIApplication+Window.swift */,
			);
			path = UIApplication;
			sourceTree = "<group>";
		};
		8CEDA7B528362A2C004BC3AC /* UIButton */ = {
			isa = PBXGroup;
			children = (
				8CEDA7B628362A2C004BC3AC /* UIButton+Chain.swift */,
			);
			path = UIButton;
			sourceTree = "<group>";
		};
		8CEDA7B728362A2C004BC3AC /* UIColor */ = {
			isa = PBXGroup;
			children = (
				8CEDA7B928362A2C004BC3AC /* UIColor+HEX.swift */,
				8CEDA7BA28362A2C004BC3AC /* UIColor+RGB.swift */,
			);
			path = UIColor;
			sourceTree = "<group>";
		};
		8CEDA7BB28362A2C004BC3AC /* UIView */ = {
			isa = PBXGroup;
			children = (
				8CEDA7BC28362A2C004BC3AC /* UIView+Chain.swift */,
				8C381D4028D2C96500FEE14B /* UIView+Container.swift */,
				8CFDFCDE2974F95700288B55 /* UIView+Layout.swift */,
			);
			path = UIView;
			sourceTree = "<group>";
		};
		8CEDA7BD28362A2C004BC3AC /* UIDevice */ = {
			isa = PBXGroup;
			children = (
				8CEDA7BE28362A2C004BC3AC /* UIDevice+Idiom.swift */,
			);
			path = UIDevice;
			sourceTree = "<group>";
		};
		8CEDA7BF28362A2C004BC3AC /* UIViewController */ = {
			isa = PBXGroup;
			children = (
				8CEDA7C028362A2C004BC3AC /* UIViewController+Modal.swift */,
				8C760DE328E4154E00A29F77 /* UIViewController+TopMostViewController.swift */,
			);
			path = UIViewController;
			sourceTree = "<group>";
		};
		8CEDA7C128362A2C004BC3AC /* UIControl */ = {
			isa = PBXGroup;
			children = (
				8CEDA7C228362A2C004BC3AC /* UIControl+Chain.swift */,
				8C9F7B71283E0E9D0031BD6E /* UIControl+Closure.swift */,
			);
			path = UIControl;
			sourceTree = "<group>";
		};
		8CEDA7C328362A2C004BC3AC /* UITextField */ = {
			isa = PBXGroup;
			children = (
				8CEDA7C428362A2C004BC3AC /* UITextField+Chain.swift */,
			);
			path = UITextField;
			sourceTree = "<group>";
		};
		8CEDA7C528362A2C004BC3AC /* Foundation */ = {
			isa = PBXGroup;
			children = (
				8C094B0828DDB5B70041A3C0 /* Data */,
				8CEDA7CD28362A2C004BC3AC /* Date */,
				8C2B813C283B5778001D35C4 /* NSObject */,
				8C094B0528DDAC3A0041A3C0 /* NSPredicate */,
				8CEDA7D128362A2C004BC3AC /* URL */,
				8CEDA7C628362A2C004BC3AC /* UserDefaults */,
			);
			path = Foundation;
			sourceTree = "<group>";
		};
		8CEDA7C628362A2C004BC3AC /* UserDefaults */ = {
			isa = PBXGroup;
			children = (
				8CEDA7C728362A2C004BC3AC /* UserDefaults+Codable.swift */,
			);
			path = UserDefaults;
			sourceTree = "<group>";
		};
		8CEDA7C828362A2C004BC3AC /* Collection */ = {
			isa = PBXGroup;
			children = (
				8CEDA7C928362A2C004BC3AC /* Collection+Async.swift */,
			);
			path = Collection;
			sourceTree = "<group>";
		};
		8CEDA7CA28362A2C004BC3AC /* Array */ = {
			isa = PBXGroup;
			children = (
				8CEDA7CB28362A2C004BC3AC /* Array+Subscript.swift */,
				8CEDA7CC28362A2C004BC3AC /* Array+Index.swift */,
			);
			path = Array;
			sourceTree = "<group>";
		};
		8CEDA7CD28362A2C004BC3AC /* Date */ = {
			isa = PBXGroup;
			children = (
				8CEDA7CE28362A2C004BC3AC /* Date+Format.swift */,
			);
			path = Date;
			sourceTree = "<group>";
		};
		8CEDA7D128362A2C004BC3AC /* URL */ = {
			isa = PBXGroup;
			children = (
				8CEDA7D228362A2C004BC3AC /* URL+Query.swift */,
			);
			path = URL;
			sourceTree = "<group>";
		};
		8CEDA7D528362A2C004BC3AC /* Int */ = {
			isa = PBXGroup;
			children = (
				8CEDA7D628362A2C004BC3AC /* Int+Transform.swift */,
			);
			path = Int;
			sourceTree = "<group>";
		};
		8CEDA7D728362A2C004BC3AC /* Float */ = {
			isa = PBXGroup;
			children = (
				8CEDA7D828362A2C004BC3AC /* Float+Transform.swift */,
			);
			path = Float;
			sourceTree = "<group>";
		};
		8CEDA7D928362A2C004BC3AC /* Double */ = {
			isa = PBXGroup;
			children = (
				8CEDA7DA28362A2C004BC3AC /* Double+Transform.swift */,
			);
			path = Double;
			sourceTree = "<group>";
		};
		8CEDA7DB28362A2C004BC3AC /* String */ = {
			isa = PBXGroup;
			children = (
				8CEDA7DC28362A2C004BC3AC /* String+Subscript.swift */,
				8CEDA7DD28362A2C004BC3AC /* String+Transform.swift */,
			);
			path = String;
			sourceTree = "<group>";
		};
		8CEDA7DE28362A2C004BC3AC /* QuartzCore */ = {
			isa = PBXGroup;
			children = (
				8CEDA7DF28362A2C004BC3AC /* CALayer */,
			);
			path = QuartzCore;
			sourceTree = "<group>";
		};
		8CEDA7DF28362A2C004BC3AC /* CALayer */ = {
			isa = PBXGroup;
			children = (
				8CDBED25283F5969009650CF /* CALayer+Animation.swift */,
				8CEDA7E028362A2C004BC3AC /* CALayer+Chain.swift */,
			);
			path = CALayer;
			sourceTree = "<group>";
		};
		8CEDA7E128362A2C004BC3AC /* ReusableFormatters */ = {
			isa = PBXGroup;
			children = (
				8CEDA7E228362A2C004BC3AC /* ReusableFormatters.swift */,
			);
			path = ReusableFormatters;
			sourceTree = "<group>";
		};
		8CEDA7E528362A2C004BC3AC /* StringCoder */ = {
			isa = PBXGroup;
			children = (
				8C2B813A283B3155001D35C4 /* MD5StringEncoder.swift */,
				8CEDA7E628362A2C004BC3AC /* Base64StringCoder.swift */,
				8CEDA7E728362A2C004BC3AC /* StringCoder.swift */,
			);
			path = StringCoder;
			sourceTree = "<group>";
		};
		F23C4A74073CE5A1FA89C118 /* Pods */ = {
			isa = PBXGroup;
			children = (
				C4D51C45947C11C4021AA5CB /* Pods-Architecture.debug.xcconfig */,
				1AA0FBE8117353764082A22C /* Pods-Architecture.release.xcconfig */,
				75A92A49EF96754FC39951D8 /* Pods-Architecture-ArchitectureUITests.debug.xcconfig */,
				7176178609C383134D9D2247 /* Pods-Architecture-ArchitectureUITests.release.xcconfig */,
				BE2F0AD33EAFE8F2A2673369 /* Pods-ArchitectureTests.debug.xcconfig */,
				213436231FB996C6940D9857 /* Pods-ArchitectureTests.release.xcconfig */,
			);
			path = Pods;
			sourceTree = "<group>";
		};
		F40DFCE71FC9109D9758CAD9 /* Frameworks */ = {
			isa = PBXGroup;
			children = (
				CE5CF12118179EB516553528 /* Pods_Architecture.framework */,
				DBED850C9B9922AD53DE50FB /* Pods_Architecture_ArchitectureUITests.framework */,
				331F87846DB28FB3081BB356 /* Pods_ArchitectureTests.framework */,
			);
			name = Frameworks;
			sourceTree = "<group>";
		};
/* End PBXGroup section */

/* Begin PBXNativeTarget section */
		8C40861926CD003300C26A55 /* Architecture */ = {
			isa = PBXNativeTarget;
			buildConfigurationList = 8C40864426CD003800C26A55 /* Build configuration list for PBXNativeTarget "Architecture" */;
			buildPhases = (
				291D0F1D097F8DD912099B11 /* [CP] Check Pods Manifest.lock */,
				8C40861626CD003300C26A55 /* Sources */,
				8C40861726CD003300C26A55 /* Frameworks */,
				8C40861826CD003300C26A55 /* Resources */,
				B3F12DFB13F921FC25636B95 /* [CP] Embed Pods Frameworks */,
			);
			buildRules = (
			);
			dependencies = (
			);
			name = Architecture;
			productName = Architecture;
			productReference = 8C40861A26CD003300C26A55 /* Architecture.app */;
			productType = "com.apple.product-type.application";
		};
		8C40862F26CD003800C26A55 /* ArchitectureTests */ = {
			isa = PBXNativeTarget;
			buildConfigurationList = 8C40864726CD003800C26A55 /* Build configuration list for PBXNativeTarget "ArchitectureTests" */;
			buildPhases = (
				9AA3291ABD740B6DD05D9C00 /* [CP] Check Pods Manifest.lock */,
				8C40862C26CD003800C26A55 /* Sources */,
				8C40862D26CD003800C26A55 /* Frameworks */,
				8C40862E26CD003800C26A55 /* Resources */,
			);
			buildRules = (
			);
			dependencies = (
				8C40863226CD003800C26A55 /* PBXTargetDependency */,
			);
			name = ArchitectureTests;
			productName = ArchitectureTests;
			productReference = 8C40863026CD003800C26A55 /* ArchitectureTests.xctest */;
			productType = "com.apple.product-type.bundle.unit-test";
		};
		8C40863A26CD003800C26A55 /* ArchitectureUITests */ = {
			isa = PBXNativeTarget;
			buildConfigurationList = 8C40864A26CD003800C26A55 /* Build configuration list for PBXNativeTarget "ArchitectureUITests" */;
			buildPhases = (
				3084155960CD977D418D1D50 /* [CP] Check Pods Manifest.lock */,
				8C40863726CD003800C26A55 /* Sources */,
				8C40863826CD003800C26A55 /* Frameworks */,
				8C40863926CD003800C26A55 /* Resources */,
				C37B90868C06A442CBD9A8FD /* [CP] Embed Pods Frameworks */,
			);
			buildRules = (
			);
			dependencies = (
				8C40863D26CD003800C26A55 /* PBXTargetDependency */,
			);
			name = ArchitectureUITests;
			productName = ArchitectureUITests;
			productReference = 8C40863B26CD003800C26A55 /* ArchitectureUITests.xctest */;
			productType = "com.apple.product-type.bundle.ui-testing";
		};
/* End PBXNativeTarget section */

/* Begin PBXProject section */
		8C40861226CD003300C26A55 /* Project object */ = {
			isa = PBXProject;
			attributes = {
				LastSwiftUpdateCheck = 1250;
				LastUpgradeCheck = 1400;
				TargetAttributes = {
					8C40861926CD003300C26A55 = {
						CreatedOnToolsVersion = 12.5;
					};
					8C40862F26CD003800C26A55 = {
						CreatedOnToolsVersion = 12.5;
						TestTargetID = 8C40861926CD003300C26A55;
					};
					8C40863A26CD003800C26A55 = {
						CreatedOnToolsVersion = 12.5;
						TestTargetID = 8C40861926CD003300C26A55;
					};
				};
			};
			buildConfigurationList = 8C40861526CD003300C26A55 /* Build configuration list for PBXProject "Architecture" */;
			compatibilityVersion = "Xcode 13.0";
			developmentRegion = en;
			hasScannedForEncodings = 0;
			knownRegions = (
				en,
				Base,
			);
			mainGroup = 8C40861126CD003300C26A55;
			productRefGroup = 8C40861B26CD003300C26A55 /* Products */;
			projectDirPath = "";
			projectRoot = "";
			targets = (
				8C40861926CD003300C26A55 /* Architecture */,
				8C40862F26CD003800C26A55 /* ArchitectureTests */,
				8C40863A26CD003800C26A55 /* ArchitectureUITests */,
			);
		};
/* End PBXProject section */

/* Begin PBXResourcesBuildPhase section */
		8C40861826CD003300C26A55 /* Resources */ = {
			isa = PBXResourcesBuildPhase;
			buildActionMask = 2147483647;
			files = (
				8C40862A26CD003700C26A55 /* LaunchScreen.storyboard in Resources */,
				8C40862726CD003700C26A55 /* Assets.xcassets in Resources */,
				8CEA832C28474B0F00E162BD /* ProgressHUD.bundle in Resources */,
			);
			runOnlyForDeploymentPostprocessing = 0;
		};
		8C40862E26CD003800C26A55 /* Resources */ = {
			isa = PBXResourcesBuildPhase;
			buildActionMask = 2147483647;
			files = (
			);
			runOnlyForDeploymentPostprocessing = 0;
		};
		8C40863926CD003800C26A55 /* Resources */ = {
			isa = PBXResourcesBuildPhase;
			buildActionMask = 2147483647;
			files = (
			);
			runOnlyForDeploymentPostprocessing = 0;
		};
/* End PBXResourcesBuildPhase section */

/* Begin PBXShellScriptBuildPhase section */
		291D0F1D097F8DD912099B11 /* [CP] Check Pods Manifest.lock */ = {
			isa = PBXShellScriptBuildPhase;
			buildActionMask = 2147483647;
			files = (
			);
			inputFileListPaths = (
			);
			inputPaths = (
				"${PODS_PODFILE_DIR_PATH}/Podfile.lock",
				"${PODS_ROOT}/Manifest.lock",
			);
			name = "[CP] Check Pods Manifest.lock";
			outputFileListPaths = (
			);
			outputPaths = (
				"$(DERIVED_FILE_DIR)/Pods-Architecture-checkManifestLockResult.txt",
			);
			runOnlyForDeploymentPostprocessing = 0;
			shellPath = /bin/sh;
			shellScript = "diff \"${PODS_PODFILE_DIR_PATH}/Podfile.lock\" \"${PODS_ROOT}/Manifest.lock\" > /dev/null\nif [ $? != 0 ] ; then\n    # print error to STDERR\n    echo \"error: The sandbox is not in sync with the Podfile.lock. Run 'pod install' or update your CocoaPods installation.\" >&2\n    exit 1\nfi\n# This output is used by Xcode 'outputs' to avoid re-running this script phase.\necho \"SUCCESS\" > \"${SCRIPT_OUTPUT_FILE_0}\"\n";
			showEnvVarsInLog = 0;
		};
		3084155960CD977D418D1D50 /* [CP] Check Pods Manifest.lock */ = {
			isa = PBXShellScriptBuildPhase;
			buildActionMask = 2147483647;
			files = (
			);
			inputFileListPaths = (
			);
			inputPaths = (
				"${PODS_PODFILE_DIR_PATH}/Podfile.lock",
				"${PODS_ROOT}/Manifest.lock",
			);
			name = "[CP] Check Pods Manifest.lock";
			outputFileListPaths = (
			);
			outputPaths = (
				"$(DERIVED_FILE_DIR)/Pods-Architecture-ArchitectureUITests-checkManifestLockResult.txt",
			);
			runOnlyForDeploymentPostprocessing = 0;
			shellPath = /bin/sh;
			shellScript = "diff \"${PODS_PODFILE_DIR_PATH}/Podfile.lock\" \"${PODS_ROOT}/Manifest.lock\" > /dev/null\nif [ $? != 0 ] ; then\n    # print error to STDERR\n    echo \"error: The sandbox is not in sync with the Podfile.lock. Run 'pod install' or update your CocoaPods installation.\" >&2\n    exit 1\nfi\n# This output is used by Xcode 'outputs' to avoid re-running this script phase.\necho \"SUCCESS\" > \"${SCRIPT_OUTPUT_FILE_0}\"\n";
			showEnvVarsInLog = 0;
		};
		9AA3291ABD740B6DD05D9C00 /* [CP] Check Pods Manifest.lock */ = {
			isa = PBXShellScriptBuildPhase;
			buildActionMask = 2147483647;
			files = (
			);
			inputFileListPaths = (
			);
			inputPaths = (
				"${PODS_PODFILE_DIR_PATH}/Podfile.lock",
				"${PODS_ROOT}/Manifest.lock",
			);
			name = "[CP] Check Pods Manifest.lock";
			outputFileListPaths = (
			);
			outputPaths = (
				"$(DERIVED_FILE_DIR)/Pods-ArchitectureTests-checkManifestLockResult.txt",
			);
			runOnlyForDeploymentPostprocessing = 0;
			shellPath = /bin/sh;
			shellScript = "diff \"${PODS_PODFILE_DIR_PATH}/Podfile.lock\" \"${PODS_ROOT}/Manifest.lock\" > /dev/null\nif [ $? != 0 ] ; then\n    # print error to STDERR\n    echo \"error: The sandbox is not in sync with the Podfile.lock. Run 'pod install' or update your CocoaPods installation.\" >&2\n    exit 1\nfi\n# This output is used by Xcode 'outputs' to avoid re-running this script phase.\necho \"SUCCESS\" > \"${SCRIPT_OUTPUT_FILE_0}\"\n";
			showEnvVarsInLog = 0;
		};
		B3F12DFB13F921FC25636B95 /* [CP] Embed Pods Frameworks */ = {
			isa = PBXShellScriptBuildPhase;
			buildActionMask = 2147483647;
			files = (
			);
			inputFileListPaths = (
				"${PODS_ROOT}/Target Support Files/Pods-Architecture/Pods-Architecture-frameworks-${CONFIGURATION}-input-files.xcfilelist",
			);
			name = "[CP] Embed Pods Frameworks";
			outputFileListPaths = (
				"${PODS_ROOT}/Target Support Files/Pods-Architecture/Pods-Architecture-frameworks-${CONFIGURATION}-output-files.xcfilelist",
			);
			runOnlyForDeploymentPostprocessing = 0;
			shellPath = /bin/sh;
			shellScript = "\"${PODS_ROOT}/Target Support Files/Pods-Architecture/Pods-Architecture-frameworks.sh\"\n";
			showEnvVarsInLog = 0;
		};
		C37B90868C06A442CBD9A8FD /* [CP] Embed Pods Frameworks */ = {
			isa = PBXShellScriptBuildPhase;
			buildActionMask = 2147483647;
			files = (
			);
			inputFileListPaths = (
				"${PODS_ROOT}/Target Support Files/Pods-Architecture-ArchitectureUITests/Pods-Architecture-ArchitectureUITests-frameworks-${CONFIGURATION}-input-files.xcfilelist",
			);
			name = "[CP] Embed Pods Frameworks";
			outputFileListPaths = (
				"${PODS_ROOT}/Target Support Files/Pods-Architecture-ArchitectureUITests/Pods-Architecture-ArchitectureUITests-frameworks-${CONFIGURATION}-output-files.xcfilelist",
			);
			runOnlyForDeploymentPostprocessing = 0;
			shellPath = /bin/sh;
			shellScript = "\"${PODS_ROOT}/Target Support Files/Pods-Architecture-ArchitectureUITests/Pods-Architecture-ArchitectureUITests-frameworks.sh\"\n";
			showEnvVarsInLog = 0;
		};
/* End PBXShellScriptBuildPhase section */

/* Begin PBXSourcesBuildPhase section */
		8C40861626CD003300C26A55 /* Sources */ = {
			isa = PBXSourcesBuildPhase;
			buildActionMask = 2147483647;
			files = (
				8CEDA80A28362A2C004BC3AC /* CALayer+Chain.swift in Sources */,
				8CEDA7FD28362A2C004BC3AC /* UserDefaults+Codable.swift in Sources */,
				8C2B813E283B5798001D35C4 /* NSObject+ClassName.swift in Sources */,
				8CEDA7F028362A2C004BC3AC /* UIScreen+Size.swift in Sources */,
				8C760DE828E4318B00A29F77 /* UIBarButtonItemExtensions.swift in Sources */,
				8CEDA7FA28362A2C004BC3AC /* UIViewController+Modal.swift in Sources */,
				8C094B0A28DDB5C30041A3C0 /* DataExtensions.swift in Sources */,
				8CEDA7EB28362A2C004BC3AC /* IDCardValidator.swift in Sources */,
				8C4086E126CE5C7800C26A55 /* BackWebviewController.swift in Sources */,
				8C76855828BF4EC4004FF44E /* PlaceholderTextView.swift in Sources */,
				8CEDA7F928362A2C004BC3AC /* UIDevice+Idiom.swift in Sources */,
				8CEDA7F828362A2C004BC3AC /* UIView+Chain.swift in Sources */,
				8C40865926CD039A00C26A55 /* NavigationController.swift in Sources */,
				8C381D4428D2CD8D00FEE14B /* UITextView+Chain.swift in Sources */,
				8CEDA7ED28362A2C004BC3AC /* CGRect+Transform.swift in Sources */,
				8C40865B26CD03AB00C26A55 /* ViewController.swift in Sources */,
				8CEDA80528362A2C004BC3AC /* Int+Transform.swift in Sources */,
				8C4086E226CE5C7800C26A55 /* WebViewController.swift in Sources */,
				8CEDA80928362A2C004BC3AC /* String+Transform.swift in Sources */,
				8C760DEA28E4319700A29F77 /* UISearchBarExtensions.swift in Sources */,
				8CEDA80728362A2C004BC3AC /* Double+Transform.swift in Sources */,
				8C094B0328DDABAD0041A3C0 /* UISegmentedControlExtension.swift in Sources */,
				8C2B813B283B3155001D35C4 /* MD5StringEncoder.swift in Sources */,
				8CEDA80328362A2C004BC3AC /* URL+Query.swift in Sources */,
				8C2B8144283B5DBA001D35C4 /*  UIAlertController+Extension.swift in Sources */,
				8CEDA7F128362A2C004BC3AC /* UILabel+Chain.swift in Sources */,
				8C381D4128D2C96500FEE14B /* UIView+Container.swift in Sources */,
				8CEDA80D28362A2C004BC3AC /* Base64StringCoder.swift in Sources */,
				8C094B0728DDAC4F0041A3C0 /* NSPredicateExtensions.swift in Sources */,
				8C9F7B72283E0E9D0031BD6E /* UIControl+Closure.swift in Sources */,
				8CEDA80128362A2C004BC3AC /* Date+Format.swift in Sources */,
				8CEA832B28474B0F00E162BD /* ProgressHUD.swift in Sources */,
				8CEDA7FC28362A2C004BC3AC /* UITextField+Chain.swift in Sources */,
				8C760DE428E4154E00A29F77 /* UIViewController+TopMostViewController.swift in Sources */,
				8CEDA7E828362A2C004BC3AC /* EmailValidator.swift in Sources */,
				8CEDA80628362A2C004BC3AC /* Float+Transform.swift in Sources */,
				8C4246C928C59E9000F384D5 /* UITableView+Register.swift in Sources */,
				8CEDA7EA28362A2C004BC3AC /* Validator.swift in Sources */,
				8CEDA7F428362A2C004BC3AC /* UIButton+Chain.swift in Sources */,
				8CEDA7FF28362A2C004BC3AC /* Array+Subscript.swift in Sources */,
				8C760DEC28E4319F00A29F77 /* UIStoryboardExtensions.swift in Sources */,
				8CEDA7F228362A2C004BC3AC /* UIApplication+Window.swift in Sources */,
				8CEDA7EC28362A2C004BC3AC /* IPAddressValidator.swift in Sources */,
				8C4246C728C59C2400F384D5 /* UICollectionView+Register.swift in Sources */,
				8CEDA80E28362A2C004BC3AC /* StringCoder.swift in Sources */,
				8C2B8141283B595E001D35C4 /* UISwitch+Toggle.swift in Sources */,
				8C40865726CD037600C26A55 /* TabBarController.swift in Sources */,
				8CEDA7FB28362A2C004BC3AC /* UIControl+Chain.swift in Sources */,
				8CEDA7F728362A2C004BC3AC /* UIColor+RGB.swift in Sources */,
				8C760DF328E4330000A29F77 /* UINavigationControllerExtensions.swift in Sources */,
				8CFDFCDF2974F95700288B55 /* UIView+Layout.swift in Sources */,
				8C760DE728E4318B00A29F77 /* UIFontExtensions.swift in Sources */,
				8CDBED26283F596A009650CF /* CALayer+Animation.swift in Sources */,
				8CDBED24283F571F009650CF /* Occupiable.swift in Sources */,
				8CEDA7F628362A2C004BC3AC /* UIColor+HEX.swift in Sources */,
				8CEDA80028362A2C004BC3AC /* Array+Index.swift in Sources */,
				8C381D4628D2CF9800FEE14B /* PlaceholderTextView+Chain.swift in Sources */,
				8CEDA7EE28362A2C004BC3AC /* UIImage+Transform.swift in Sources */,
				8C76C21227588A75008ED8D2 /* NamespaceWrapper.swift in Sources */,
				8CEDA80B28362A2C004BC3AC /* ReusableFormatters.swift in Sources */,
				8CCA54D128F3FF390051912D /* CGFloatExtensions.swift in Sources */,
				8C40861E26CD003300C26A55 /* AppDelegate.swift in Sources */,
				8CEDA7E928362A2C004BC3AC /* PhoneNumberValidator.swift in Sources */,
				8CCA54CF28F3FE3C0051912D /* CGSize+Transform.swift in Sources */,
				8CEDA7FE28362A2C004BC3AC /* Collection+Async.swift in Sources */,
				8CEDA80828362A2C004BC3AC /* String+Subscript.swift in Sources */,
			);
			runOnlyForDeploymentPostprocessing = 0;
		};
		8C40862C26CD003800C26A55 /* Sources */ = {
			isa = PBXSourcesBuildPhase;
			buildActionMask = 2147483647;
			files = (
				8C40863526CD003800C26A55 /* ArchitectureTests.swift in Sources */,
			);
			runOnlyForDeploymentPostprocessing = 0;
		};
		8C40863726CD003800C26A55 /* Sources */ = {
			isa = PBXSourcesBuildPhase;
			buildActionMask = 2147483647;
			files = (
				8C40864026CD003800C26A55 /* ArchitectureUITests.swift in Sources */,
			);
			runOnlyForDeploymentPostprocessing = 0;
		};
/* End PBXSourcesBuildPhase section */

/* Begin PBXTargetDependency section */
		8C40863226CD003800C26A55 /* PBXTargetDependency */ = {
			isa = PBXTargetDependency;
			target = 8C40861926CD003300C26A55 /* Architecture */;
			targetProxy = 8C40863126CD003800C26A55 /* PBXContainerItemProxy */;
		};
		8C40863D26CD003800C26A55 /* PBXTargetDependency */ = {
			isa = PBXTargetDependency;
			target = 8C40861926CD003300C26A55 /* Architecture */;
			targetProxy = 8C40863C26CD003800C26A55 /* PBXContainerItemProxy */;
		};
/* End PBXTargetDependency section */

/* Begin PBXVariantGroup section */
		8C40862826CD003700C26A55 /* LaunchScreen.storyboard */ = {
			isa = PBXVariantGroup;
			children = (
				8C40862926CD003700C26A55 /* Base */,
			);
			name = LaunchScreen.storyboard;
			sourceTree = "<group>";
		};
/* End PBXVariantGroup section */

/* Begin XCBuildConfiguration section */
		8C40864226CD003800C26A55 /* Debug */ = {
			isa = XCBuildConfiguration;
			buildSettings = {
				ALWAYS_SEARCH_USER_PATHS = NO;
				CLANG_ANALYZER_NONNULL = YES;
				CLANG_ANALYZER_NUMBER_OBJECT_CONVERSION = YES_AGGRESSIVE;
				CLANG_CXX_LANGUAGE_STANDARD = "gnu++14";
				CLANG_CXX_LIBRARY = "libc++";
				CLANG_ENABLE_MODULES = YES;
				CLANG_ENABLE_OBJC_ARC = YES;
				CLANG_ENABLE_OBJC_WEAK = YES;
				CLANG_WARN_BLOCK_CAPTURE_AUTORELEASING = YES;
				CLANG_WARN_BOOL_CONVERSION = YES;
				CLANG_WARN_COMMA = YES;
				CLANG_WARN_CONSTANT_CONVERSION = YES;
				CLANG_WARN_DEPRECATED_OBJC_IMPLEMENTATIONS = YES;
				CLANG_WARN_DIRECT_OBJC_ISA_USAGE = YES_ERROR;
				CLANG_WARN_DOCUMENTATION_COMMENTS = YES;
				CLANG_WARN_EMPTY_BODY = YES;
				CLANG_WARN_ENUM_CONVERSION = YES;
				CLANG_WARN_INFINITE_RECURSION = YES;
				CLANG_WARN_INT_CONVERSION = YES;
				CLANG_WARN_NON_LITERAL_NULL_CONVERSION = YES;
				CLANG_WARN_OBJC_IMPLICIT_RETAIN_SELF = YES;
				CLANG_WARN_OBJC_LITERAL_CONVERSION = YES;
				CLANG_WARN_OBJC_ROOT_CLASS = YES_ERROR;
				CLANG_WARN_QUOTED_INCLUDE_IN_FRAMEWORK_HEADER = YES;
				CLANG_WARN_RANGE_LOOP_ANALYSIS = YES;
				CLANG_WARN_STRICT_PROTOTYPES = YES;
				CLANG_WARN_SUSPICIOUS_MOVE = YES;
				CLANG_WARN_UNGUARDED_AVAILABILITY = YES_AGGRESSIVE;
				CLANG_WARN_UNREACHABLE_CODE = YES;
				CLANG_WARN__DUPLICATE_METHOD_MATCH = YES;
				COPY_PHASE_STRIP = NO;
				DEBUG_INFORMATION_FORMAT = dwarf;
				ENABLE_STRICT_OBJC_MSGSEND = YES;
				ENABLE_TESTABILITY = YES;
				GCC_C_LANGUAGE_STANDARD = gnu11;
				GCC_DYNAMIC_NO_PIC = NO;
				GCC_NO_COMMON_BLOCKS = YES;
				GCC_OPTIMIZATION_LEVEL = 0;
				GCC_PREPROCESSOR_DEFINITIONS = (
					"DEBUG=1",
					"$(inherited)",
				);
				GCC_WARN_64_TO_32_BIT_CONVERSION = YES;
				GCC_WARN_ABOUT_RETURN_TYPE = YES_ERROR;
				GCC_WARN_UNDECLARED_SELECTOR = YES;
				GCC_WARN_UNINITIALIZED_AUTOS = YES_AGGRESSIVE;
				GCC_WARN_UNUSED_FUNCTION = YES;
				GCC_WARN_UNUSED_VARIABLE = YES;
				IPHONEOS_DEPLOYMENT_TARGET = 12.0;
				MTL_ENABLE_DEBUG_INFO = INCLUDE_SOURCE;
				MTL_FAST_MATH = YES;
				ONLY_ACTIVE_ARCH = YES;
				SDKROOT = iphoneos;
				SWIFT_ACTIVE_COMPILATION_CONDITIONS = DEBUG;
				SWIFT_OPTIMIZATION_LEVEL = "-Onone";
			};
			name = Debug;
		};
		8C40864326CD003800C26A55 /* Release */ = {
			isa = XCBuildConfiguration;
			buildSettings = {
				ALWAYS_SEARCH_USER_PATHS = NO;
				CLANG_ANALYZER_NONNULL = YES;
				CLANG_ANALYZER_NUMBER_OBJECT_CONVERSION = YES_AGGRESSIVE;
				CLANG_CXX_LANGUAGE_STANDARD = "gnu++14";
				CLANG_CXX_LIBRARY = "libc++";
				CLANG_ENABLE_MODULES = YES;
				CLANG_ENABLE_OBJC_ARC = YES;
				CLANG_ENABLE_OBJC_WEAK = YES;
				CLANG_WARN_BLOCK_CAPTURE_AUTORELEASING = YES;
				CLANG_WARN_BOOL_CONVERSION = YES;
				CLANG_WARN_COMMA = YES;
				CLANG_WARN_CONSTANT_CONVERSION = YES;
				CLANG_WARN_DEPRECATED_OBJC_IMPLEMENTATIONS = YES;
				CLANG_WARN_DIRECT_OBJC_ISA_USAGE = YES_ERROR;
				CLANG_WARN_DOCUMENTATION_COMMENTS = YES;
				CLANG_WARN_EMPTY_BODY = YES;
				CLANG_WARN_ENUM_CONVERSION = YES;
				CLANG_WARN_INFINITE_RECURSION = YES;
				CLANG_WARN_INT_CONVERSION = YES;
				CLANG_WARN_NON_LITERAL_NULL_CONVERSION = YES;
				CLANG_WARN_OBJC_IMPLICIT_RETAIN_SELF = YES;
				CLANG_WARN_OBJC_LITERAL_CONVERSION = YES;
				CLANG_WARN_OBJC_ROOT_CLASS = YES_ERROR;
				CLANG_WARN_QUOTED_INCLUDE_IN_FRAMEWORK_HEADER = YES;
				CLANG_WARN_RANGE_LOOP_ANALYSIS = YES;
				CLANG_WARN_STRICT_PROTOTYPES = YES;
				CLANG_WARN_SUSPICIOUS_MOVE = YES;
				CLANG_WARN_UNGUARDED_AVAILABILITY = YES_AGGRESSIVE;
				CLANG_WARN_UNREACHABLE_CODE = YES;
				CLANG_WARN__DUPLICATE_METHOD_MATCH = YES;
				COPY_PHASE_STRIP = NO;
				DEBUG_INFORMATION_FORMAT = "dwarf-with-dsym";
				ENABLE_NS_ASSERTIONS = NO;
				ENABLE_STRICT_OBJC_MSGSEND = YES;
				GCC_C_LANGUAGE_STANDARD = gnu11;
				GCC_NO_COMMON_BLOCKS = YES;
				GCC_WARN_64_TO_32_BIT_CONVERSION = YES;
				GCC_WARN_ABOUT_RETURN_TYPE = YES_ERROR;
				GCC_WARN_UNDECLARED_SELECTOR = YES;
				GCC_WARN_UNINITIALIZED_AUTOS = YES_AGGRESSIVE;
				GCC_WARN_UNUSED_FUNCTION = YES;
				GCC_WARN_UNUSED_VARIABLE = YES;
				IPHONEOS_DEPLOYMENT_TARGET = 12.0;
				MTL_ENABLE_DEBUG_INFO = NO;
				MTL_FAST_MATH = YES;
				SDKROOT = iphoneos;
				SWIFT_COMPILATION_MODE = wholemodule;
				SWIFT_OPTIMIZATION_LEVEL = "-O";
				VALIDATE_PRODUCT = YES;
			};
			name = Release;
		};
		8C40864526CD003800C26A55 /* Debug */ = {
			isa = XCBuildConfiguration;
			baseConfigurationReference = C4D51C45947C11C4021AA5CB /* Pods-Architecture.debug.xcconfig */;
			buildSettings = {
				ASSETCATALOG_COMPILER_APPICON_NAME = AppIcon;
				ASSETCATALOG_COMPILER_GLOBAL_ACCENT_COLOR_NAME = AccentColor;
				CODE_SIGN_IDENTITY = "iPhone Developer";
				CODE_SIGN_STYLE = Manual;
				DEVELOPMENT_TEAM = D2UTZHZY7D;
				INFOPLIST_FILE = Architecture/Info.plist;
				IPHONEOS_DEPLOYMENT_TARGET = 12.0;
				LD_RUNPATH_SEARCH_PATHS = (
					"$(inherited)",
					"@executable_path/Frameworks",
				);
				PRODUCT_BUNDLE_IDENTIFIER = com.07072.Architecture;
				PRODUCT_NAME = "$(TARGET_NAME)";
				PROVISIONING_PROFILE_SPECIFIER = 07072WildcardDev;
				SWIFT_VERSION = 5.0;
				TARGETED_DEVICE_FAMILY = 1;
			};
			name = Debug;
		};
		8C40864626CD003800C26A55 /* Release */ = {
			isa = XCBuildConfiguration;
			baseConfigurationReference = 1AA0FBE8117353764082A22C /* Pods-Architecture.release.xcconfig */;
			buildSettings = {
				ASSETCATALOG_COMPILER_APPICON_NAME = AppIcon;
				ASSETCATALOG_COMPILER_GLOBAL_ACCENT_COLOR_NAME = AccentColor;
				CODE_SIGN_IDENTITY = "iPhone Developer";
				CODE_SIGN_STYLE = Manual;
				DEVELOPMENT_TEAM = D2UTZHZY7D;
				INFOPLIST_FILE = Architecture/Info.plist;
				IPHONEOS_DEPLOYMENT_TARGET = 12.0;
				LD_RUNPATH_SEARCH_PATHS = (
					"$(inherited)",
					"@executable_path/Frameworks",
				);
				PRODUCT_BUNDLE_IDENTIFIER = com.07072.Architecture;
				PRODUCT_NAME = "$(TARGET_NAME)";
				PROVISIONING_PROFILE_SPECIFIER = 07072WildcardDev;
				SWIFT_VERSION = 5.0;
				TARGETED_DEVICE_FAMILY = 1;
			};
			name = Release;
		};
		8C40864826CD003800C26A55 /* Debug */ = {
			isa = XCBuildConfiguration;
			baseConfigurationReference = BE2F0AD33EAFE8F2A2673369 /* Pods-ArchitectureTests.debug.xcconfig */;
			buildSettings = {
				ALWAYS_EMBED_SWIFT_STANDARD_LIBRARIES = YES;
				BUNDLE_LOADER = "$(TEST_HOST)";
				CODE_SIGN_STYLE = Automatic;
				INFOPLIST_FILE = ArchitectureTests/Info.plist;
				IPHONEOS_DEPLOYMENT_TARGET = 14.5;
				LD_RUNPATH_SEARCH_PATHS = (
					"$(inherited)",
					"@executable_path/Frameworks",
					"@loader_path/Frameworks",
				);
				PRODUCT_BUNDLE_IDENTIFIER = com.07072.ArchitectureTests;
				PRODUCT_NAME = "$(TARGET_NAME)";
				SWIFT_VERSION = 5.0;
				TARGETED_DEVICE_FAMILY = "1,2";
				TEST_HOST = "$(BUILT_PRODUCTS_DIR)/Architecture.app/Architecture";
			};
			name = Debug;
		};
		8C40864926CD003800C26A55 /* Release */ = {
			isa = XCBuildConfiguration;
			baseConfigurationReference = 213436231FB996C6940D9857 /* Pods-ArchitectureTests.release.xcconfig */;
			buildSettings = {
				ALWAYS_EMBED_SWIFT_STANDARD_LIBRARIES = YES;
				BUNDLE_LOADER = "$(TEST_HOST)";
				CODE_SIGN_STYLE = Automatic;
				INFOPLIST_FILE = ArchitectureTests/Info.plist;
				IPHONEOS_DEPLOYMENT_TARGET = 14.5;
				LD_RUNPATH_SEARCH_PATHS = (
					"$(inherited)",
					"@executable_path/Frameworks",
					"@loader_path/Frameworks",
				);
				PRODUCT_BUNDLE_IDENTIFIER = com.07072.ArchitectureTests;
				PRODUCT_NAME = "$(TARGET_NAME)";
				SWIFT_VERSION = 5.0;
				TARGETED_DEVICE_FAMILY = "1,2";
				TEST_HOST = "$(BUILT_PRODUCTS_DIR)/Architecture.app/Architecture";
			};
			name = Release;
		};
		8C40864B26CD003800C26A55 /* Debug */ = {
			isa = XCBuildConfiguration;
			baseConfigurationReference = 75A92A49EF96754FC39951D8 /* Pods-Architecture-ArchitectureUITests.debug.xcconfig */;
			buildSettings = {
				ALWAYS_EMBED_SWIFT_STANDARD_LIBRARIES = "$(inherited)";
				CODE_SIGN_STYLE = Automatic;
				INFOPLIST_FILE = ArchitectureUITests/Info.plist;
				LD_RUNPATH_SEARCH_PATHS = (
					"$(inherited)",
					"@executable_path/Frameworks",
					"@loader_path/Frameworks",
				);
				PRODUCT_BUNDLE_IDENTIFIER = com.07072.ArchitectureUITests;
				PRODUCT_NAME = "$(TARGET_NAME)";
				SWIFT_VERSION = 5.0;
				TARGETED_DEVICE_FAMILY = "1,2";
				TEST_TARGET_NAME = Architecture;
			};
			name = Debug;
		};
		8C40864C26CD003800C26A55 /* Release */ = {
			isa = XCBuildConfiguration;
			baseConfigurationReference = 7176178609C383134D9D2247 /* Pods-Architecture-ArchitectureUITests.release.xcconfig */;
			buildSettings = {
				ALWAYS_EMBED_SWIFT_STANDARD_LIBRARIES = "$(inherited)";
				CODE_SIGN_STYLE = Automatic;
				INFOPLIST_FILE = ArchitectureUITests/Info.plist;
				LD_RUNPATH_SEARCH_PATHS = (
					"$(inherited)",
					"@executable_path/Frameworks",
					"@loader_path/Frameworks",
				);
				PRODUCT_BUNDLE_IDENTIFIER = com.07072.ArchitectureUITests;
				PRODUCT_NAME = "$(TARGET_NAME)";
				SWIFT_VERSION = 5.0;
				TARGETED_DEVICE_FAMILY = "1,2";
				TEST_TARGET_NAME = Architecture;
			};
			name = Release;
		};
/* End XCBuildConfiguration section */

/* Begin XCConfigurationList section */
		8C40861526CD003300C26A55 /* Build configuration list for PBXProject "Architecture" */ = {
			isa = XCConfigurationList;
			buildConfigurations = (
				8C40864226CD003800C26A55 /* Debug */,
				8C40864326CD003800C26A55 /* Release */,
			);
			defaultConfigurationIsVisible = 0;
			defaultConfigurationName = Release;
		};
		8C40864426CD003800C26A55 /* Build configuration list for PBXNativeTarget "Architecture" */ = {
			isa = XCConfigurationList;
			buildConfigurations = (
				8C40864526CD003800C26A55 /* Debug */,
				8C40864626CD003800C26A55 /* Release */,
			);
			defaultConfigurationIsVisible = 0;
			defaultConfigurationName = Release;
		};
		8C40864726CD003800C26A55 /* Build configuration list for PBXNativeTarget "ArchitectureTests" */ = {
			isa = XCConfigurationList;
			buildConfigurations = (
				8C40864826CD003800C26A55 /* Debug */,
				8C40864926CD003800C26A55 /* Release */,
			);
			defaultConfigurationIsVisible = 0;
			defaultConfigurationName = Release;
		};
		8C40864A26CD003800C26A55 /* Build configuration list for PBXNativeTarget "ArchitectureUITests" */ = {
			isa = XCConfigurationList;
			buildConfigurations = (
				8C40864B26CD003800C26A55 /* Debug */,
				8C40864C26CD003800C26A55 /* Release */,
			);
			defaultConfigurationIsVisible = 0;
			defaultConfigurationName = Release;
		};
/* End XCConfigurationList section */
	};
	rootObject = 8C40861226CD003300C26A55 /* Project object */;
}
